
Microsoft Visual Studio Solution File, Format Version 12.00
# Visual Studio 2012
Project("{FAE04EC0-301F-11D3-BF4B-00C04F79EFBC}") = "InterfaceSegregationPrinciple", "InterfaceSegregationPrinciple\InterfaceSegregationPrinciple.csproj", "{C9A6908A-BE67-4785-AF9B-48655CAE9341}"
EndProject
Global
	GlobalSection(SolutionConfigurationPlatforms) = preSolution
		Debug|Any CPU = Debug|Any CPU
		Release|Any CPU = Release|Any CPU
	EndGlobalSection
	GlobalSection(ProjectConfigurationPlatforms) = postSolution
		{C9A6908A-BE67-4785-AF9B-48655CAE9341}.Debug|Any CPU.ActiveCfg = Debug|Any CPU
		{C9A6908A-BE67-4785-AF9B-48655CAE9341}.Debug|Any CPU.Build.0 = Debug|Any CPU
		{C9A6908A-BE67-4785-AF9B-48655CAE9341}.Release|Any CPU.ActiveCfg = Release|Any CPU
		{C9A6908A-BE67-4785-AF9B-48655CAE9341}.Release|Any CPU.Build.0 = Release|Any CPU
	EndGlobalSection
	GlobalSection(SolutionProperties) = preSolution
		HideSolutionNode = FALSE
	EndGlobalSection
EndGlobal
